
Microsoft Visual Studio Solution File, Format Version 12.00
# Visual Studio Version 17
VisualStudioVersion = 17.4.33213.308
MinimumVisualStudioVersion = 10.0.40219.1
Project("{9A19103F-16F7-4668-BE54-9A1E7A4F7556}") = "APIService", "WebApplication\APIService.csproj", "{852A4061-580B-433A-9908-4562ADE8C5E7}"
EndProject
Project("{9A19103F-16F7-4668-BE54-9A1E7A4F7556}") = "Data", "Data\Data.csproj", "{F982DC4D-E187-4EA4-A118-C4A50207D7F1}"
EndProject
Project("{9A19103F-16F7-4668-BE54-9A1E7A4F7556}") = "Entities", "Entities\Entities.csproj", "{CBEF150F-AAAD-446B-903F-A3114296F969}"
EndProject
Project("{9A19103F-16F7-4668-BE54-9A1E7A4F7556}") = "Logic", "Logic\Logic.csproj", "{EBE885BC-9B00-4730-89E8-1BAEF3E46E1A}"
EndProject
Project("{FAE04EC0-301F-11D3-BF4B-00C04F79EFBC}") = "Resources", "Resources\Resources.csproj", "{99022BC8-6FA3-44E9-A6F6-CC13BFE23664}"
EndProject
Global
	GlobalSection(SolutionConfigurationPlatforms) = preSolution
		Debug|Any CPU = Debug|Any CPU
		Release|Any CPU = Release|Any CPU
	EndGlobalSection
	GlobalSection(ProjectConfigurationPlatforms) = postSolution
		{852A4061-580B-433A-9908-4562ADE8C5E7}.Debug|Any CPU.ActiveCfg = Debug|Any CPU
		{852A4061-580B-433A-9908-4562ADE8C5E7}.Debug|Any CPU.Build.0 = Debug|Any CPU
		{852A4061-580B-433A-9908-4562ADE8C5E7}.Release|Any CPU.ActiveCfg = Release|Any CPU
		{852A4061-580B-433A-9908-4562ADE8C5E7}.Release|Any CPU.Build.0 = Release|Any CPU
		{F982DC4D-E187-4EA4-A118-C4A50207D7F1}.Debug|Any CPU.ActiveCfg = Debug|Any CPU
		{F982DC4D-E187-4EA4-A118-C4A50207D7F1}.Debug|Any CPU.Build.0 = Debug|Any CPU
		{F982DC4D-E187-4EA4-A118-C4A50207D7F1}.Release|Any CPU.ActiveCfg = Release|Any CPU
		{F982DC4D-E187-4EA4-A118-C4A50207D7F1}.Release|Any CPU.Build.0 = Release|Any CPU
		{CBEF150F-AAAD-446B-903F-A3114296F969}.Debug|Any CPU.ActiveCfg = Debug|Any CPU
		{CBEF150F-AAAD-446B-903F-A3114296F969}.Debug|Any CPU.Build.0 = Debug|Any CPU
		{CBEF150F-AAAD-446B-903F-A3114296F969}.Release|Any CPU.ActiveCfg = Release|Any CPU
		{CBEF150F-AAAD-446B-903F-A3114296F969}.Release|Any CPU.Build.0 = Release|Any CPU
		{EBE885BC-9B00-4730-89E8-1BAEF3E46E1A}.Debug|Any CPU.ActiveCfg = Debug|Any CPU
		{EBE885BC-9B00-4730-89E8-1BAEF3E46E1A}.Debug|Any CPU.Build.0 = Debug|Any CPU
		{EBE885BC-9B00-4730-89E8-1BAEF3E46E1A}.Release|Any CPU.ActiveCfg = Release|Any CPU
		{EBE885BC-9B00-4730-89E8-1BAEF3E46E1A}.Release|Any CPU.Build.0 = Release|Any CPU
		{99022BC8-6FA3-44E9-A6F6-CC13BFE23664}.Debug|Any CPU.ActiveCfg = Debug|Any CPU
		{99022BC8-6FA3-44E9-A6F6-CC13BFE23664}.Debug|Any CPU.Build.0 = Debug|Any CPU
		{99022BC8-6FA3-44E9-A6F6-CC13BFE23664}.Release|Any CPU.ActiveCfg = Release|Any CPU
		{99022BC8-6FA3-44E9-A6F6-CC13BFE23664}.Release|Any CPU.Build.0 = Release|Any CPU
	EndGlobalSection
	GlobalSection(SolutionProperties) = preSolution
		HideSolutionNode = FALSE
	EndGlobalSection
	GlobalSection(ExtensibilityGlobals) = postSolution
		SolutionGuid = {3AFAAF13-6FCD-4426-96E4-A69D6D75F646}
	EndGlobalSection
EndGlobal
